// !$*UTF8*$!
{
	archiveVersion = 1;
	classes = {
	};
	objectVersion = 50;
	objects = {

/* Begin PBXBuildFile section */
		2A89036A266DCA42006A3249 /* AppDelegate.swift in Sources */ = {isa = PBXBuildFile; fileRef = 2A890369266DCA42006A3249 /* AppDelegate.swift */; };
		2A89036C266DCA42006A3249 /* SceneDelegate.swift in Sources */ = {isa = PBXBuildFile; fileRef = 2A89036B266DCA42006A3249 /* SceneDelegate.swift */; };
		2A89036E266DCA42006A3249 /* ViewController.swift in Sources */ = {isa = PBXBuildFile; fileRef = 2A89036D266DCA42006A3249 /* ViewController.swift */; };
		2A890371266DCA42006A3249 /* Main.storyboard in Resources */ = {isa = PBXBuildFile; fileRef = 2A89036F266DCA42006A3249 /* Main.storyboard */; };
		2A890373266DCA44006A3249 /* Assets.xcassets in Resources */ = {isa = PBXBuildFile; fileRef = 2A890372266DCA44006A3249 /* Assets.xcassets */; };
		2A890376266DCA44006A3249 /* LaunchScreen.storyboard in Resources */ = {isa = PBXBuildFile; fileRef = 2A890374266DCA44006A3249 /* LaunchScreen.storyboard */; };
		2A890381266DCA45006A3249 /* UdderTests.swift in Sources */ = {isa = PBXBuildFile; fileRef = 2A890380266DCA45006A3249 /* UdderTests.swift */; };
		2A89038C266DCA45006A3249 /* UdderUITests.swift in Sources */ = {isa = PBXBuildFile; fileRef = 2A89038B266DCA45006A3249 /* UdderUITests.swift */; };
/* End PBXBuildFile section */

/* Begin PBXContainerItemProxy section */
		2A89037D266DCA44006A3249 /* PBXContainerItemProxy */ = {
			isa = PBXContainerItemProxy;
			containerPortal = 2A89035E266DCA42006A3249 /* Project object */;
			proxyType = 1;
			remoteGlobalIDString = 2A890365266DCA42006A3249;
			remoteInfo = Udder;
		};
		2A890388266DCA45006A3249 /* PBXContainerItemProxy */ = {
			isa = PBXContainerItemProxy;
			containerPortal = 2A89035E266DCA42006A3249 /* Project object */;
			proxyType = 1;
			remoteGlobalIDString = 2A890365266DCA42006A3249;
			remoteInfo = Udder;
		};
/* End PBXContainerItemProxy section */

/* Begin PBXFileReference section */
		2A890366266DCA42006A3249 /* Udder.app */ = {isa = PBXFileReference; explicitFileType = wrapper.application; includeInIndex = 0; path = Udder.app; sourceTree = BUILT_PRODUCTS_DIR; };
		2A890369266DCA42006A3249 /* AppDelegate.swift */ = {isa = PBXFileReference; lastKnownFileType = sourcecode.swift; path = AppDelegate.swift; sourceTree = "<group>"; };
		2A89036B266DCA42006A3249 /* SceneDelegate.swift */ = {isa = PBXFileReference; lastKnownFileType = sourcecode.swift; path = SceneDelegate.swift; sourceTree = "<group>"; };
		2A89036D266DCA42006A3249 /* ViewController.swift */ = {isa = PBXFileReference; lastKnownFileType = sourcecode.swift; path = ViewController.swift; sourceTree = "<group>"; };
		2A890370266DCA42006A3249 /* Base */ = {isa = PBXFileReference; lastKnownFileType = file.storyboard; name = Base; path = Base.lproj/Main.storyboard; sourceTree = "<group>"; };
		2A890372266DCA44006A3249 /* Assets.xcassets */ = {isa = PBXFileReference; lastKnownFileType = folder.assetcatalog; path = Assets.xcassets; sourceTree = "<group>"; };
		2A890375266DCA44006A3249 /* Base */ = {isa = PBXFileReference; lastKnownFileType = file.storyboard; name = Base; path = Base.lproj/LaunchScreen.storyboard; sourceTree = "<group>"; };
		2A890377266DCA44006A3249 /* Info.plist */ = {isa = PBXFileReference; lastKnownFileType = text.plist.xml; path = Info.plist; sourceTree = "<group>"; };
		2A89037C266DCA44006A3249 /* UdderTests.xctest */ = {isa = PBXFileReference; explicitFileType = wrapper.cfbundle; includeInIndex = 0; path = UdderTests.xctest; sourceTree = BUILT_PRODUCTS_DIR; };
		2A890380266DCA45006A3249 /* UdderTests.swift */ = {isa = PBXFileReference; lastKnownFileType = sourcecode.swift; path = UdderTests.swift; sourceTree = "<group>"; };
		2A890382266DCA45006A3249 /* Info.plist */ = {isa = PBXFileReference; lastKnownFileType = text.plist.xml; path = Info.plist; sourceTree = "<group>"; };
		2A890387266DCA45006A3249 /* UdderUITests.xctest */ = {isa = PBXFileReference; explicitFileType = wrapper.cfbundle; includeInIndex = 0; path = UdderUITests.xctest; sourceTree = BUILT_PRODUCTS_DIR; };
		2A89038B266DCA45006A3249 /* UdderUITests.swift */ = {isa = PBXFileReference; lastKnownFileType = sourcecode.swift; path = UdderUITests.swift; sourceTree = "<group>"; };
		2A89038D266DCA45006A3249 /* Info.plist */ = {isa = PBXFileReference; lastKnownFileType = text.plist.xml; path = Info.plist; sourceTree = "<group>"; };
/* End PBXFileReference section */

/* Begin PBXFrameworksBuildPhase section */
		2A890363266DCA42006A3249 /* Frameworks */ = {
			isa = PBXFrameworksBuildPhase;
			buildActionMask = 2147483647;
			files = (
			);
			runOnlyForDeploymentPostprocessing = 0;
		};
		2A890379266DCA44006A3249 /* Frameworks */ = {
			isa = PBXFrameworksBuildPhase;
			buildActionMask = 2147483647;
			files = (
			);
			runOnlyForDeploymentPostprocessing = 0;
		};
		2A890384266DCA45006A3249 /* Frameworks */ = {
			isa = PBXFrameworksBuildPhase;
			buildActionMask = 2147483647;
			files = (
			);
			runOnlyForDeploymentPostprocessing = 0;
		};
/* End PBXFrameworksBuildPhase section */

/* Begin PBXGroup section */
		2A89035D266DCA42006A3249 = {
			isa = PBXGroup;
			children = (
				2A890368266DCA42006A3249 /* Udder */,
				2A89037F266DCA45006A3249 /* UdderTests */,
				2A89038A266DCA45006A3249 /* UdderUITests */,
				2A890367266DCA42006A3249 /* Products */,
			);
			sourceTree = "<group>";
		};
		2A890367266DCA42006A3249 /* Products */ = {
			isa = PBXGroup;
			children = (
				2A890366266DCA42006A3249 /* Udder.app */,
				2A89037C266DCA44006A3249 /* UdderTests.xctest */,
				2A890387266DCA45006A3249 /* UdderUITests.xctest */,
			);
			name = Products;
			sourceTree = "<group>";
		};
		2A890368266DCA42006A3249 /* Udder */ = {
			isa = PBXGroup;
			children = (
				2A890369266DCA42006A3249 /* AppDelegate.swift */,
				2A89036B266DCA42006A3249 /* SceneDelegate.swift */,
				2A89036D266DCA42006A3249 /* ViewController.swift */,
				2A89036F266DCA42006A3249 /* Main.storyboard */,
				2A890372266DCA44006A3249 /* Assets.xcassets */,
				2A890374266DCA44006A3249 /* LaunchScreen.storyboard */,
				2A890377266DCA44006A3249 /* Info.plist */,
			);
			path = Udder;
			sourceTree = "<group>";
		};
		2A89037F266DCA45006A3249 /* UdderTests */ = {
			isa = PBXGroup;
			children = (
				2A890380266DCA45006A3249 /* UdderTests.swift */,
				2A890382266DCA45006A3249 /* Info.plist */,
			);
			path = UdderTests;
			sourceTree = "<group>";
		};
		2A89038A266DCA45006A3249 /* UdderUITests */ = {
			isa = PBXGroup;
			children = (
				2A89038B266DCA45006A3249 /* UdderUITests.swift */,
				2A89038D266DCA45006A3249 /* Info.plist */,
			);
			path = UdderUITests;
			sourceTree = "<group>";
		};
/* End PBXGroup section */

/* Begin PBXNativeTarget section */
		2A890365266DCA42006A3249 /* Udder */ = {
			isa = PBXNativeTarget;
			buildConfigurationList = 2A890390266DCA45006A3249 /* Build configuration list for PBXNativeTarget "Udder" */;
			buildPhases = (
				2A890362266DCA42006A3249 /* Sources */,
				2A890363266DCA42006A3249 /* Frameworks */,
				2A890364266DCA42006A3249 /* Resources */,
			);
			buildRules = (
			);
			dependencies = (
			);
			name = Udder;
			productName = Udder;
			productReference = 2A890366266DCA42006A3249 /* Udder.app */;
			productType = "com.apple.product-type.application";
		};
		2A89037B266DCA44006A3249 /* UdderTests */ = {
			isa = PBXNativeTarget;
			buildConfigurationList = 2A890393266DCA45006A3249 /* Build configuration list for PBXNativeTarget "UdderTests" */;
			buildPhases = (
				2A890378266DCA44006A3249 /* Sources */,
				2A890379266DCA44006A3249 /* Frameworks */,
				2A89037A266DCA44006A3249 /* Resources */,
			);
			buildRules = (
			);
			dependencies = (
				2A89037E266DCA44006A3249 /* PBXTargetDependency */,
			);
			name = UdderTests;
			productName = UdderTests;
			productReference = 2A89037C266DCA44006A3249 /* UdderTests.xctest */;
			productType = "com.apple.product-type.bundle.unit-test";
		};
		2A890386266DCA45006A3249 /* UdderUITests */ = {
			isa = PBXNativeTarget;
			buildConfigurationList = 2A890396266DCA45006A3249 /* Build configuration list for PBXNativeTarget "UdderUITests" */;
			buildPhases = (
				2A890383266DCA45006A3249 /* Sources */,
				2A890384266DCA45006A3249 /* Frameworks */,
				2A890385266DCA45006A3249 /* Resources */,
			);
			buildRules = (
			);
			dependencies = (
				2A890389266DCA45006A3249 /* PBXTargetDependency */,
			);
			name = UdderUITests;
			productName = UdderUITests;
			productReference = 2A890387266DCA45006A3249 /* UdderUITests.xctest */;
			productType = "com.apple.product-type.bundle.ui-testing";
		};
/* End PBXNativeTarget section */

/* Begin PBXProject section */
		2A89035E266DCA42006A3249 /* Project object */ = {
			isa = PBXProject;
			attributes = {
				LastSwiftUpdateCheck = 1240;
				LastUpgradeCheck = 1240;
				TargetAttributes = {
					2A890365266DCA42006A3249 = {
						CreatedOnToolsVersion = 12.4;
					};
					2A89037B266DCA44006A3249 = {
						CreatedOnToolsVersion = 12.4;
						TestTargetID = 2A890365266DCA42006A3249;
					};
					2A890386266DCA45006A3249 = {
						CreatedOnToolsVersion = 12.4;
						TestTargetID = 2A890365266DCA42006A3249;
					};
				};
			};
			buildConfigurationList = 2A890361266DCA42006A3249 /* Build configuration list for PBXProject "Udder" */;
			compatibilityVersion = "Xcode 9.3";
			developmentRegion = en;
			hasScannedForEncodings = 0;
			knownRegions = (
				en,
				Base,
			);
			mainGroup = 2A89035D266DCA42006A3249;
			productRefGroup = 2A890367266DCA42006A3249 /* Products */;
			projectDirPath = "";
			projectRoot = "";
			targets = (
				2A890365266DCA42006A3249 /* Udder */,
				2A89037B266DCA44006A3249 /* UdderTests */,
				2A890386266DCA45006A3249 /* UdderUITests */,
			);
		};
/* End PBXProject section */

/* Begin PBXResourcesBuildPhase section */
		2A890364266DCA42006A3249 /* Resources */ = {
			isa = PBXResourcesBuildPhase;
			buildActionMask = 2147483647;
			files = (
				2A890376266DCA44006A3249 /* LaunchScreen.storyboard in Resources */,
				2A890373266DCA44006A3249 /* Assets.xcassets in Resources */,
				2A890371266DCA42006A3249 /* Main.storyboard in Resources */,
			);
			runOnlyForDeploymentPostprocessing = 0;
		};
		2A89037A266DCA44006A3249 /* Resources */ = {
			isa = PBXResourcesBuildPhase;
			buildActionMask = 2147483647;
			files = (
			);
			runOnlyForDeploymentPostprocessing = 0;
		};
		2A890385266DCA45006A3249 /* Resources */ = {
			isa = PBXResourcesBuildPhase;
			buildActionMask = 2147483647;
			files = (
			);
			runOnlyForDeploymentPostprocessing = 0;
		};
/* End PBXResourcesBuildPhase section */

/* Begin PBXSourcesBuildPhase section */
		2A890362266DCA42006A3249 /* Sources */ = {
			isa = PBXSourcesBuildPhase;
			buildActionMask = 2147483647;
			files = (
				2A89036E266DCA42006A3249 /* ViewController.swift in Sources */,
				2A89036A266DCA42006A3249 /* AppDelegate.swift in Sources */,
				2A89036C266DCA42006A3249 /* SceneDelegate.swift in Sources */,
			);
			runOnlyForDeploymentPostprocessing = 0;
		};
		2A890378266DCA44006A3249 /* Sources */ = {
			isa = PBXSourcesBuildPhase;
			buildActionMask = 2147483647;
			files = (
				2A890381266DCA45006A3249 /* UdderTests.swift in Sources */,
			);
			runOnlyForDeploymentPostprocessing = 0;
		};
		2A890383266DCA45006A3249 /* Sources */ = {
			isa = PBXSourcesBuildPhase;
			buildActionMask = 2147483647;
			files = (
				2A89038C266DCA45006A3249 /* UdderUITests.swift in Sources */,
			);
			runOnlyForDeploymentPostprocessing = 0;
		};
/* End PBXSourcesBuildPhase section */

/* Begin PBXTargetDependency section */
		2A89037E266DCA44006A3249 /* PBXTargetDependency */ = {
			isa = PBXTargetDependency;
			target = 2A890365266DCA42006A3249 /* Udder */;
			targetProxy = 2A89037D266DCA44006A3249 /* PBXContainerItemProxy */;
		};
		2A890389266DCA45006A3249 /* PBXTargetDependency */ = {
			isa = PBXTargetDependency;
			target = 2A890365266DCA42006A3249 /* Udder */;
			targetProxy = 2A890388266DCA45006A3249 /* PBXContainerItemProxy */;
		};
/* End PBXTargetDependency section */

/* Begin PBXVariantGroup section */
		2A89036F266DCA42006A3249 /* Main.storyboard */ = {
			isa = PBXVariantGroup;
			children = (
				2A890370266DCA42006A3249 /* Base */,
			);
			name = Main.storyboard;
			sourceTree = "<group>";
		};
		2A890374266DCA44006A3249 /* LaunchScreen.storyboard */ = {
			isa = PBXVariantGroup;
			children = (
				2A890375266DCA44006A3249 /* Base */,
			);
			name = LaunchScreen.storyboard;
			sourceTree = "<group>";
		};
/* End PBXVariantGroup section */

/* Begin XCBuildConfiguration section */
		2A89038E266DCA45006A3249 /* Debug */ = {
			isa = XCBuildConfiguration;
			buildSettings = {
				ALWAYS_SEARCH_USER_PATHS = NO;
				CLANG_ANALYZER_NONNULL = YES;
				CLANG_ANALYZER_NUMBER_OBJECT_CONVERSION = YES_AGGRESSIVE;
				CLANG_CXX_LANGUAGE_STANDARD = "gnu++14";
				CLANG_CXX_LIBRARY = "libc++";
				CLANG_ENABLE_MODULES = YES;
				CLANG_ENABLE_OBJC_ARC = YES;
				CLANG_ENABLE_OBJC_WEAK = YES;
				CLANG_WARN_BLOCK_CAPTURE_AUTORELEASING = YES;
				CLANG_WARN_BOOL_CONVERSION = YES;
				CLANG_WARN_COMMA = YES;
				CLANG_WARN_CONSTANT_CONVERSION = YES;
				CLANG_WARN_DEPRECATED_OBJC_IMPLEMENTATIONS = YES;
				CLANG_WARN_DIRECT_OBJC_ISA_USAGE = YES_ERROR;
				CLANG_WARN_DOCUMENTATION_COMMENTS = YES;
				CLANG_WARN_EMPTY_BODY = YES;
				CLANG_WARN_ENUM_CONVERSION = YES;
				CLANG_WARN_INFINITE_RECURSION = YES;
				CLANG_WARN_INT_CONVERSION = YES;
				CLANG_WARN_NON_LITERAL_NULL_CONVERSION = YES;
				CLANG_WARN_OBJC_IMPLICIT_RETAIN_SELF = YES;
				CLANG_WARN_OBJC_LITERAL_CONVERSION = YES;
				CLANG_WARN_OBJC_ROOT_CLASS = YES_ERROR;
				CLANG_WARN_QUOTED_INCLUDE_IN_FRAMEWORK_HEADER = YES;
				CLANG_WARN_RANGE_LOOP_ANALYSIS = YES;
				CLANG_WARN_STRICT_PROTOTYPES = YES;
				CLANG_WARN_SUSPICIOUS_MOVE = YES;
				CLANG_WARN_UNGUARDED_AVAILABILITY = YES_AGGRESSIVE;
				CLANG_WARN_UNREACHABLE_CODE = YES;
				CLANG_WARN__DUPLICATE_METHOD_MATCH = YES;
				COPY_PHASE_STRIP = NO;
				DEBUG_INFORMATION_FORMAT = dwarf;
				ENABLE_STRICT_OBJC_MSGSEND = YES;
				ENABLE_TESTABILITY = YES;
				GCC_C_LANGUAGE_STANDARD = gnu11;
				GCC_DYNAMIC_NO_PIC = NO;
				GCC_NO_COMMON_BLOCKS = YES;
				GCC_OPTIMIZATION_LEVEL = 0;
				GCC_PREPROCESSOR_DEFINITIONS = (
					"DEBUG=1",
					"$(inherited)",
				);
				GCC_WARN_64_TO_32_BIT_CONVERSION = YES;
				GCC_WARN_ABOUT_RETURN_TYPE = YES_ERROR;
				GCC_WARN_UNDECLARED_SELECTOR = YES;
				GCC_WARN_UNINITIALIZED_AUTOS = YES_AGGRESSIVE;
				GCC_WARN_UNUSED_FUNCTION = YES;
				GCC_WARN_UNUSED_VARIABLE = YES;
				IPHONEOS_DEPLOYMENT_TARGET = 14.4;
				MTL_ENABLE_DEBUG_INFO = INCLUDE_SOURCE;
				MTL_FAST_MATH = YES;
				ONLY_ACTIVE_ARCH = YES;
				SDKROOT = iphoneos;
				SWIFT_ACTIVE_COMPILATION_CONDITIONS = DEBUG;
				SWIFT_OPTIMIZATION_LEVEL = "-Onone";
			};
			name = Debug;
		};
		2A89038F266DCA45006A3249 /* Release */ = {
			isa = XCBuildConfiguration;
			buildSettings = {
				ALWAYS_SEARCH_USER_PATHS = NO;
				CLANG_ANALYZER_NONNULL = YES;
				CLANG_ANALYZER_NUMBER_OBJECT_CONVERSION = YES_AGGRESSIVE;
				CLANG_CXX_LANGUAGE_STANDARD = "gnu++14";
				CLANG_CXX_LIBRARY = "libc++";
				CLANG_ENABLE_MODULES = YES;
				CLANG_ENABLE_OBJC_ARC = YES;
				CLANG_ENABLE_OBJC_WEAK = YES;
				CLANG_WARN_BLOCK_CAPTURE_AUTORELEASING = YES;
				CLANG_WARN_BOOL_CONVERSION = YES;
				CLANG_WARN_COMMA = YES;
				CLANG_WARN_CONSTANT_CONVERSION = YES;
				CLANG_WARN_DEPRECATED_OBJC_IMPLEMENTATIONS = YES;
				CLANG_WARN_DIRECT_OBJC_ISA_USAGE = YES_ERROR;
				CLANG_WARN_DOCUMENTATION_COMMENTS = YES;
				CLANG_WARN_EMPTY_BODY = YES;
				CLANG_WARN_ENUM_CONVERSION = YES;
				CLANG_WARN_INFINITE_RECURSION = YES;
				CLANG_WARN_INT_CONVERSION = YES;
				CLANG_WARN_NON_LITERAL_NULL_CONVERSION = YES;
				CLANG_WARN_OBJC_IMPLICIT_RETAIN_SELF = YES;
				CLANG_WARN_OBJC_LITERAL_CONVERSION = YES;
				CLANG_WARN_OBJC_ROOT_CLASS = YES_ERROR;
				CLANG_WARN_QUOTED_INCLUDE_IN_FRAMEWORK_HEADER = YES;
				CLANG_WARN_RANGE_LOOP_ANALYSIS = YES;
				CLANG_WARN_STRICT_PROTOTYPES = YES;
				CLANG_WARN_SUSPICIOUS_MOVE = YES;
				CLANG_WARN_UNGUARDED_AVAILABILITY = YES_AGGRESSIVE;
				CLANG_WARN_UNREACHABLE_CODE = YES;
				CLANG_WARN__DUPLICATE_METHOD_MATCH = YES;
				COPY_PHASE_STRIP = NO;
				DEBUG_INFORMATION_FORMAT = "dwarf-with-dsym";
				ENABLE_NS_ASSERTIONS = NO;
				ENABLE_STRICT_OBJC_MSGSEND = YES;
				GCC_C_LANGUAGE_STANDARD = gnu11;
				GCC_NO_COMMON_BLOCKS = YES;
				GCC_WARN_64_TO_32_BIT_CONVERSION = YES;
				GCC_WARN_ABOUT_RETURN_TYPE = YES_ERROR;
				GCC_WARN_UNDECLARED_SELECTOR = YES;
				GCC_WARN_UNINITIALIZED_AUTOS = YES_AGGRESSIVE;
				GCC_WARN_UNUSED_FUNCTION = YES;
				GCC_WARN_UNUSED_VARIABLE = YES;
				IPHONEOS_DEPLOYMENT_TARGET = 14.4;
				MTL_ENABLE_DEBUG_INFO = NO;
				MTL_FAST_MATH = YES;
				SDKROOT = iphoneos;
				SWIFT_COMPILATION_MODE = wholemodule;
				SWIFT_OPTIMIZATION_LEVEL = "-O";
				VALIDATE_PRODUCT = YES;
			};
			name = Release;
		};
		2A890391266DCA45006A3249 /* Debug */ = {
			isa = XCBuildConfiguration;
			buildSettings = {
				ASSETCATALOG_COMPILER_APPICON_NAME = AppIcon;
				ASSETCATALOG_COMPILER_GLOBAL_ACCENT_COLOR_NAME = AccentColor;
				CODE_SIGN_STYLE = Automatic;
				DEVELOPMENT_TEAM = JL9J4R5KMJ;
				INFOPLIST_FILE = Udder/Info.plist;
				LD_RUNPATH_SEARCH_PATHS = (
					"$(inherited)",
					"@executable_path/Frameworks",
				);
				PRODUCT_BUNDLE_IDENTIFIER = com.lu.Udder;
				PRODUCT_NAME = "$(TARGET_NAME)";
				SWIFT_VERSION = 5.0;
				TARGETED_DEVICE_FAMILY = "1,2";
			};
			name = Debug;
		};
		2A890392266DCA45006A3249 /* Release */ = {
			isa = XCBuildConfiguration;
			buildSettings = {
				ASSETCATALOG_COMPILER_APPICON_NAME = AppIcon;
				ASSETCATALOG_COMPILER_GLOBAL_ACCENT_COLOR_NAME = AccentColor;
				CODE_SIGN_STYLE = Automatic;
				DEVELOPMENT_TEAM = JL9J4R5KMJ;
				INFOPLIST_FILE = Udder/Info.plist;
				LD_RUNPATH_SEARCH_PATHS = (
					"$(inherited)",
					"@executable_path/Frameworks",
				);
				PRODUCT_BUNDLE_IDENTIFIER = com.lu.Udder;
				PRODUCT_NAME = "$(TARGET_NAME)";
				SWIFT_VERSION = 5.0;
				TARGETED_DEVICE_FAMILY = "1,2";
			};
			name = Release;
		};
		2A890394266DCA45006A3249 /* Debug */ = {
			isa = XCBuildConfiguration;
			buildSettings = {
				ALWAYS_EMBED_SWIFT_STANDARD_LIBRARIES = YES;
				BUNDLE_LOADER = "$(TEST_HOST)";
				CODE_SIGN_STYLE = Automatic;
				DEVELOPMENT_TEAM = JL9J4R5KMJ;
				INFOPLIST_FILE = UdderTests/Info.plist;
				IPHONEOS_DEPLOYMENT_TARGET = 14.4;
				LD_RUNPATH_SEARCH_PATHS = (
					"$(inherited)",
					"@executable_path/Frameworks",
					"@loader_path/Frameworks",
				);
				PRODUCT_BUNDLE_IDENTIFIER = com.lu.UdderTests;
				PRODUCT_NAME = "$(TARGET_NAME)";
				SWIFT_VERSION = 5.0;
				TARGETED_DEVICE_FAMILY = "1,2";
				TEST_HOST = "$(BUILT_PRODUCTS_DIR)/Udder.app/Udder";
			};
			name = Debug;
		};
		2A890395266DCA45006A3249 /* Release */ = {
			isa = XCBuildConfiguration;
			buildSettings = {
				ALWAYS_EMBED_SWIFT_STANDARD_LIBRARIES = YES;
				BUNDLE_LOADER = "$(TEST_HOST)";
				CODE_SIGN_STYLE = Automatic;
				DEVELOPMENT_TEAM = JL9J4R5KMJ;
				INFOPLIST_FILE = UdderTests/Info.plist;
				IPHONEOS_DEPLOYMENT_TARGET = 14.4;
				LD_RUNPATH_SEARCH_PATHS = (
					"$(inherited)",
					"@executable_path/Frameworks",
					"@loader_path/Frameworks",
				);
				PRODUCT_BUNDLE_IDENTIFIER = com.lu.UdderTests;
				PRODUCT_NAME = "$(TARGET_NAME)";
				SWIFT_VERSION = 5.0;
				TARGETED_DEVICE_FAMILY = "1,2";
				TEST_HOST = "$(BUILT_PRODUCTS_DIR)/Udder.app/Udder";
			};
			name = Release;
		};
		2A890397266DCA45006A3249 /* Debug */ = {
			isa = XCBuildConfiguration;
			buildSettings = {
				ALWAYS_EMBED_SWIFT_STANDARD_LIBRARIES = YES;
				CODE_SIGN_STYLE = Automatic;
				DEVELOPMENT_TEAM = JL9J4R5KMJ;
				INFOPLIST_FILE = UdderUITests/Info.plist;
				LD_RUNPATH_SEARCH_PATHS = (
					"$(inherited)",
					"@executable_path/Frameworks",
					"@loader_path/Frameworks",
				);
				PRODUCT_BUNDLE_IDENTIFIER = com.lu.UdderUITests;
				PRODUCT_NAME = "$(TARGET_NAME)";
				SWIFT_VERSION = 5.0;
				TARGETED_DEVICE_FAMILY = "1,2";
				TEST_TARGET_NAME = Udder;
			};
			name = Debug;
		};
		2A890398266DCA45006A3249 /* Release */ = {
			isa = XCBuildConfiguration;
			buildSettings = {
				ALWAYS_EMBED_SWIFT_STANDARD_LIBRARIES = YES;
				CODE_SIGN_STYLE = Automatic;
				DEVELOPMENT_TEAM = JL9J4R5KMJ;
				INFOPLIST_FILE = UdderUITests/Info.plist;
				LD_RUNPATH_SEARCH_PATHS = (
					"$(inherited)",
					"@executable_path/Frameworks",
					"@loader_path/Frameworks",
				);
				PRODUCT_BUNDLE_IDENTIFIER = com.lu.UdderUITests;
				PRODUCT_NAME = "$(TARGET_NAME)";
				SWIFT_VERSION = 5.0;
				TARGETED_DEVICE_FAMILY = "1,2";
				TEST_TARGET_NAME = Udder;
			};
			name = Release;
		};
/* End XCBuildConfiguration section */

/* Begin XCConfigurationList section */
		2A890361266DCA42006A3249 /* Build configuration list for PBXProject "Udder" */ = {
			isa = XCConfigurationList;
			buildConfigurations = (
				2A89038E266DCA45006A3249 /* Debug */,
				2A89038F266DCA45006A3249 /* Release */,
			);
			defaultConfigurationIsVisible = 0;
			defaultConfigurationName = Release;
		};
		2A890390266DCA45006A3249 /* Build configuration list for PBXNativeTarget "Udder" */ = {
			isa = XCConfigurationList;
			buildConfigurations = (
				2A890391266DCA45006A3249 /* Debug */,
				2A890392266DCA45006A3249 /* Release */,
			);
			defaultConfigurationIsVisible = 0;
			defaultConfigurationName = Release;
		};
		2A890393266DCA45006A3249 /* Build configuration list for PBXNativeTarget "UdderTests" */ = {
			isa = XCConfigurationList;
			buildConfigurations = (
				2A890394266DCA45006A3249 /* Debug */,
				2A890395266DCA45006A3249 /* Release */,
			);
			defaultConfigurationIsVisible = 0;
			defaultConfigurationName = Release;
		};
		2A890396266DCA45006A3249 /* Build configuration list for PBXNativeTarget "UdderUITests" */ = {
			isa = XCConfigurationList;
			buildConfigurations = (
				2A890397266DCA45006A3249 /* Debug */,
				2A890398266DCA45006A3249 /* Release */,
			);
			defaultConfigurationIsVisible = 0;
			defaultConfigurationName = Release;
		};
/* End XCConfigurationList section */
	};
	rootObject = 2A89035E266DCA42006A3249 /* Project object */;
}
